
Microsoft Visual Studio Solution File, Format Version 12.00
# Visual Studio Version 17
VisualStudioVersion = 17.10.35013.160
MinimumVisualStudioVersion = 10.0.40219.1
Project("{FAE04EC0-301F-11D3-BF4B-00C04F79EFBC}") = "ProgAvanSistema-AulaTratamentoErro-Exercicio03", "ProgAvanSistema-AulaTratamentoErro-Exercicio03.csproj", "{FC37CB79-38BE-4970-ACA2-A3669D61EF74}"
EndProject
Global
	GlobalSection(SolutionConfigurationPlatforms) = preSolution
		Debug|Any CPU = Debug|Any CPU
		Release|Any CPU = Release|Any CPU
	EndGlobalSection
	GlobalSection(ProjectConfigurationPlatforms) = postSolution
		{FC37CB79-38BE-4970-ACA2-A3669D61EF74}.Debug|Any CPU.ActiveCfg = Debug|Any CPU
		{FC37CB79-38BE-4970-ACA2-A3669D61EF74}.Debug|Any CPU.Build.0 = Debug|Any CPU
		{FC37CB79-38BE-4970-ACA2-A3669D61EF74}.Release|Any CPU.ActiveCfg = Release|Any CPU
		{FC37CB79-38BE-4970-ACA2-A3669D61EF74}.Release|Any CPU.Build.0 = Release|Any CPU
	EndGlobalSection
	GlobalSection(SolutionProperties) = preSolution
		HideSolutionNode = FALSE
	EndGlobalSection
	GlobalSection(ExtensibilityGlobals) = postSolution
		SolutionGuid = {96ED16C5-8EA8-49A1-BD26-A13D1632A1FC}
	EndGlobalSection
EndGlobal
